{
  "schemaVersion": "v1",
  "target": "docker-compose",
  "version": "2.10.655",
  "cliVersion": "dev",
  "images": {
    "aaa": "ghcr.io/hosein-yousefii/nopsai-aaa:2.10.655",
    "agent": "ghcr.io/hosein-yousefii/nopsai-agent:2.10.655",
    "api": "ghcr.io/hosein-yousefii/nopsai-api:2.10.655",
    "dispatcher": "ghcr.io/hosein-yousefii/nopsai-dispatcher:2.10.655",
    "dockerSocketProxy": "ghcr.io/hosein-yousefii/nopsai-docker-socket-proxy:2.10.655",
    "gitBot": "ghcr.io/hosein-yousefii/nopsai-git-bot:2.10.655",
    "k8sRunner": "ghcr.io/hosein-yousefii/nopsai-k8s-runner:2.10.655",
    "runner": "ghcr.io/hosein-yousefii/nopsai-runner:2.10.655",
    "ui": "ghcr.io/hosein-yousefii/nopsai-ui:2.10.655"
  },
  "fileHashes": {
    "db/init.sql": "sha256:13454aaa4790c3973a14a336be8f9f996c7471d872a772d1ebe292d12c5b411a",
    "docker-compose.yaml": "sha256:0fd26e6120b81551b9422205bcdb02c0c13876863e42c21d50df20199d1bcb9e"
  },
  "generatedAt": "2026-07-23T09:13:37.780508Z"
}
