{
  "schemaVersion": "v1",
  "target": "docker-compose",
  "version": "2.10.648",
  "cliVersion": "dev",
  "images": {
    "aaa": "ghcr.io/hosein-yousefii/nopsai-aaa:2.10.648",
    "agent": "ghcr.io/hosein-yousefii/nopsai-agent:2.10.648",
    "api": "ghcr.io/hosein-yousefii/nopsai-api:2.10.648",
    "dispatcher": "ghcr.io/hosein-yousefii/nopsai-dispatcher:2.10.648",
    "dockerSocketProxy": "ghcr.io/hosein-yousefii/nopsai-docker-socket-proxy:2.10.648",
    "gitBot": "ghcr.io/hosein-yousefii/nopsai-git-bot:2.10.648",
    "k8sRunner": "ghcr.io/hosein-yousefii/nopsai-k8s-runner:2.10.648",
    "runner": "ghcr.io/hosein-yousefii/nopsai-runner:2.10.648",
    "ui": "ghcr.io/hosein-yousefii/nopsai-ui:2.10.648"
  },
  "fileHashes": {
    "db/init.sql": "sha256:13454aaa4790c3973a14a336be8f9f996c7471d872a772d1ebe292d12c5b411a",
    "docker-compose.yaml": "sha256:9ca8de0aed6c5d6d402d47e0afb574bb5327f152d2b24aae0b205bf008d79cb4"
  },
  "generatedAt": "2026-07-22T19:58:03.842009Z"
}
